
Microsoft Visual Studio Solution File, Format Version 12.00
# Visual Studio Version 17
VisualStudioVersion = 17.8.34511.84
MinimumVisualStudioVersion = 10.0.40219.1
Project("{FAE04EC0-301F-11D3-BF4B-00C04F79EFBC}") = "MvcMovie", "MvcMovie\MvcMovie.csproj", "{0534A31B-EA7C-4A65-83E1-083B641F63E2}"
EndProject
Global
	GlobalSection(SolutionConfigurationPlatforms) = preSolution
		Debug|Any CPU = Debug|Any CPU
		Release|Any CPU = Release|Any CPU
	EndGlobalSection
	GlobalSection(ProjectConfigurationPlatforms) = postSolution
		{0534A31B-EA7C-4A65-83E1-083B641F63E2}.Debug|Any CPU.ActiveCfg = Debug|Any CPU
		{0534A31B-EA7C-4A65-83E1-083B641F63E2}.Debug|Any CPU.Build.0 = Debug|Any CPU
		{0534A31B-EA7C-4A65-83E1-083B641F63E2}.Release|Any CPU.ActiveCfg = Release|Any CPU
		{0534A31B-EA7C-4A65-83E1-083B641F63E2}.Release|Any CPU.Build.0 = Release|Any CPU
	EndGlobalSection
	GlobalSection(SolutionProperties) = preSolution
		HideSolutionNode = FALSE
	EndGlobalSection
	GlobalSection(ExtensibilityGlobals) = postSolution
		SolutionGuid = {2F82D111-B9DB-4275-B3BD-1C8C4E69A6F7}
	EndGlobalSection
EndGlobal
